
Microsoft Visual Studio Solution File, Format Version 12.00
# Visual Studio 14
VisualStudioVersion = 14.0.25420.1
MinimumVisualStudioVersion = 10.0.40219.1
Project("{FAE04EC0-301F-11D3-BF4B-00C04F79EFBC}") = "XonixGame", "XonixGame\XonixGame.csproj", "{FE01013B-10CE-4FC6-845D-51A131DFCF21}"
EndProject
Project("{FAE04EC0-301F-11D3-BF4B-00C04F79EFBC}") = "XonixGame.Constants", "XonixGame.Constants\XonixGame.Constants.csproj", "{9127EA8C-1967-4C67-B84C-28EDD145B347}"
EndProject
Project("{FAE04EC0-301F-11D3-BF4B-00C04F79EFBC}") = "XonixGame.Entities", "XonixGame.Entities\XonixGame.Entities.csproj", "{C3FAC03D-E639-42F2-ABA0-DBBB263AC662}"
EndProject
Project("{FAE04EC0-301F-11D3-BF4B-00C04F79EFBC}") = "XonixGame.ContentStorage", "XonixGame.ContentStorage\XonixGame.ContentStorage.csproj", "{2077D3AE-9998-42E0-9AE3-F87C3038089A}"
EndProject
Global
	GlobalSection(SolutionConfigurationPlatforms) = preSolution
		Debug|Any CPU = Debug|Any CPU
		Debug|x86 = Debug|x86
		Release|Any CPU = Release|Any CPU
		Release|x86 = Release|x86
	EndGlobalSection
	GlobalSection(ProjectConfigurationPlatforms) = postSolution
		{FE01013B-10CE-4FC6-845D-51A131DFCF21}.Debug|Any CPU.ActiveCfg = Debug|x86
		{FE01013B-10CE-4FC6-845D-51A131DFCF21}.Debug|x86.ActiveCfg = Debug|x86
		{FE01013B-10CE-4FC6-845D-51A131DFCF21}.Debug|x86.Build.0 = Debug|x86
		{FE01013B-10CE-4FC6-845D-51A131DFCF21}.Release|Any CPU.ActiveCfg = Release|x86
		{FE01013B-10CE-4FC6-845D-51A131DFCF21}.Release|x86.ActiveCfg = Release|x86
		{FE01013B-10CE-4FC6-845D-51A131DFCF21}.Release|x86.Build.0 = Release|x86
		{9127EA8C-1967-4C67-B84C-28EDD145B347}.Debug|Any CPU.ActiveCfg = Debug|Any CPU
		{9127EA8C-1967-4C67-B84C-28EDD145B347}.Debug|Any CPU.Build.0 = Debug|Any CPU
		{9127EA8C-1967-4C67-B84C-28EDD145B347}.Debug|x86.ActiveCfg = Debug|Any CPU
		{9127EA8C-1967-4C67-B84C-28EDD145B347}.Debug|x86.Build.0 = Debug|Any CPU
		{9127EA8C-1967-4C67-B84C-28EDD145B347}.Release|Any CPU.ActiveCfg = Release|Any CPU
		{9127EA8C-1967-4C67-B84C-28EDD145B347}.Release|Any CPU.Build.0 = Release|Any CPU
		{9127EA8C-1967-4C67-B84C-28EDD145B347}.Release|x86.ActiveCfg = Release|Any CPU
		{9127EA8C-1967-4C67-B84C-28EDD145B347}.Release|x86.Build.0 = Release|Any CPU
		{C3FAC03D-E639-42F2-ABA0-DBBB263AC662}.Debug|Any CPU.ActiveCfg = Debug|Any CPU
		{C3FAC03D-E639-42F2-ABA0-DBBB263AC662}.Debug|Any CPU.Build.0 = Debug|Any CPU
		{C3FAC03D-E639-42F2-ABA0-DBBB263AC662}.Debug|x86.ActiveCfg = Debug|Any CPU
		{C3FAC03D-E639-42F2-ABA0-DBBB263AC662}.Debug|x86.Build.0 = Debug|Any CPU
		{C3FAC03D-E639-42F2-ABA0-DBBB263AC662}.Release|Any CPU.ActiveCfg = Release|Any CPU
		{C3FAC03D-E639-42F2-ABA0-DBBB263AC662}.Release|Any CPU.Build.0 = Release|Any CPU
		{C3FAC03D-E639-42F2-ABA0-DBBB263AC662}.Release|x86.ActiveCfg = Release|Any CPU
		{C3FAC03D-E639-42F2-ABA0-DBBB263AC662}.Release|x86.Build.0 = Release|Any CPU
		{2077D3AE-9998-42E0-9AE3-F87C3038089A}.Debug|Any CPU.ActiveCfg = Debug|Any CPU
		{2077D3AE-9998-42E0-9AE3-F87C3038089A}.Debug|Any CPU.Build.0 = Debug|Any CPU
		{2077D3AE-9998-42E0-9AE3-F87C3038089A}.Debug|x86.ActiveCfg = Debug|Any CPU
		{2077D3AE-9998-42E0-9AE3-F87C3038089A}.Debug|x86.Build.0 = Debug|Any CPU
		{2077D3AE-9998-42E0-9AE3-F87C3038089A}.Release|Any CPU.ActiveCfg = Release|Any CPU
		{2077D3AE-9998-42E0-9AE3-F87C3038089A}.Release|Any CPU.Build.0 = Release|Any CPU
		{2077D3AE-9998-42E0-9AE3-F87C3038089A}.Release|x86.ActiveCfg = Release|Any CPU
		{2077D3AE-9998-42E0-9AE3-F87C3038089A}.Release|x86.Build.0 = Release|Any CPU
	EndGlobalSection
	GlobalSection(SolutionProperties) = preSolution
		HideSolutionNode = FALSE
	EndGlobalSection
EndGlobal
